# This file is automatically @generated by Cargo.
# It is not intended for manual editing.
version = 3

[[package]]
name = "baseless"
version = "0.1.0"

[[package]]
name = "contrived"
version = "0.1.0"
dependencies = [
 "baseless",
]

[[package]]
name = "inane"
version = "0.1.0"
dependencies = [
 "baseless",
]
